// !$*UTF8*$!
{
	archiveVersion = 1;
	classes = {
	};
	objectVersion = 77;
	objects = {

/* Begin PBXContainerItemProxy section */
		AA844DEF2E251AA600A8E99B /* PBXContainerItemProxy */ = {
			isa = PBXContainerItemProxy;
			containerPortal = AA844DD52E251AA600A8E99B /* Project object */;
			proxyType = 1;
			remoteGlobalIDString = AA844DDC2E251AA600A8E99B;
			remoteInfo = HearthstoneTool;
		};
		AA844DF92E251AA600A8E99B /* PBXContainerItemProxy */ = {
			isa = PBXContainerItemProxy;
			containerPortal = AA844DD52E251AA600A8E99B /* Project object */;
			proxyType = 1;
			remoteGlobalIDString = AA844DDC2E251AA600A8E99B;
			remoteInfo = HearthstoneTool;
		};
/* End PBXContainerItemProxy section */

/* Begin PBXFileReference section */
		AA844DDD2E251AA600A8E99B /* HearthstoneTool.app */ = {isa = PBXFileReference; explicitFileType = wrapper.application; includeInIndex = 0; path = HearthstoneTool.app; sourceTree = BUILT_PRODUCTS_DIR; };
		AA844DEE2E251AA600A8E99B /* HearthstoneToolTests.xctest */ = {isa = PBXFileReference; explicitFileType = wrapper.cfbundle; includeInIndex = 0; path = HearthstoneToolTests.xctest; sourceTree = BUILT_PRODUCTS_DIR; };
		AA844DF82E251AA600A8E99B /* HearthstoneToolUITests.xctest */ = {isa = PBXFileReference; explicitFileType = wrapper.cfbundle; includeInIndex = 0; path = HearthstoneToolUITests.xctest; sourceTree = BUILT_PRODUCTS_DIR; };
/* End PBXFileReference section */

/* Begin PBXFileSystemSynchronizedRootGroup section */
		AA844DDF2E251AA600A8E99B /* HearthstoneTool */ = {
			isa = PBXFileSystemSynchronizedRootGroup;
			path = HearthstoneTool;
			sourceTree = "<group>";
		};
		AA844DF12E251AA600A8E99B /* HearthstoneToolTests */ = {
			isa = PBXFileSystemSynchronizedRootGroup;
			path = HearthstoneToolTests;
			sourceTree = "<group>";
		};
		AA844DFB2E251AA600A8E99B /* HearthstoneToolUITests */ = {
			isa = PBXFileSystemSynchronizedRootGroup;
			path = HearthstoneToolUITests;
			sourceTree = "<group>";
		};
/* End PBXFileSystemSynchronizedRootGroup section */

/* Begin PBXFrameworksBuildPhase section */
		AA844DDA2E251AA600A8E99B /* Frameworks */ = {
			isa = PBXFrameworksBuildPhase;
			buildActionMask = 2147483647;
			files = (
			);
			runOnlyForDeploymentPostprocessing = 0;
		};
		AA844DEB2E251AA600A8E99B /* Frameworks */ = {
			isa = PBXFrameworksBuildPhase;
			buildActionMask = 2147483647;
			files = (
			);
			runOnlyForDeploymentPostprocessing = 0;
		};
		AA844DF52E251AA600A8E99B /* Frameworks */ = {
			isa = PBXFrameworksBuildPhase;
			buildActionMask = 2147483647;
			files = (
			);
			runOnlyForDeploymentPostprocessing = 0;
		};
/* End PBXFrameworksBuildPhase section */

/* Begin PBXGroup section */
		AA844DD42E251AA600A8E99B = {
			isa = PBXGroup;
			children = (
				AA844DDF2E251AA600A8E99B /* HearthstoneTool */,
				AA844DF12E251AA600A8E99B /* HearthstoneToolTests */,
				AA844DFB2E251AA600A8E99B /* HearthstoneToolUITests */,
				AA844DDE2E251AA600A8E99B /* Products */,
			);
			sourceTree = "<group>";
		};
		AA844DDE2E251AA600A8E99B /* Products */ = {
			isa = PBXGroup;
			children = (
				AA844DDD2E251AA600A8E99B /* HearthstoneTool.app */,
				AA844DEE2E251AA600A8E99B /* HearthstoneToolTests.xctest */,
				AA844DF82E251AA600A8E99B /* HearthstoneToolUITests.xctest */,
			);
			name = Products;
			sourceTree = "<group>";
		};
/* End PBXGroup section */

/* Begin PBXNativeTarget section */
		AA844DDC2E251AA600A8E99B /* HearthstoneTool */ = {
			isa = PBXNativeTarget;
			buildConfigurationList = AA844E022E251AA600A8E99B /* Build configuration list for PBXNativeTarget "HearthstoneTool" */;
			buildPhases = (
				AA844DD92E251AA600A8E99B /* Sources */,
				AA844DDA2E251AA600A8E99B /* Frameworks */,
				AA844DDB2E251AA600A8E99B /* Resources */,
			);
			buildRules = (
			);
			dependencies = (
			);
			fileSystemSynchronizedGroups = (
				AA844DDF2E251AA600A8E99B /* HearthstoneTool */,
			);
			name = HearthstoneTool;
			packageProductDependencies = (
			);
			productName = HearthstoneTool;
			productReference = AA844DDD2E251AA600A8E99B /* HearthstoneTool.app */;
			productType = "com.apple.product-type.application";
		};
		AA844DED2E251AA600A8E99B /* HearthstoneToolTests */ = {
			isa = PBXNativeTarget;
			buildConfigurationList = AA844E052E251AA600A8E99B /* Build configuration list for PBXNativeTarget "HearthstoneToolTests" */;
			buildPhases = (
				AA844DEA2E251AA600A8E99B /* Sources */,
				AA844DEB2E251AA600A8E99B /* Frameworks */,
				AA844DEC2E251AA600A8E99B /* Resources */,
			);
			buildRules = (
			);
			dependencies = (
				AA844DF02E251AA600A8E99B /* PBXTargetDependency */,
			);
			fileSystemSynchronizedGroups = (
				AA844DF12E251AA600A8E99B /* HearthstoneToolTests */,
			);
			name = HearthstoneToolTests;
			packageProductDependencies = (
			);
			productName = HearthstoneToolTests;
			productReference = AA844DEE2E251AA600A8E99B /* HearthstoneToolTests.xctest */;
			productType = "com.apple.product-type.bundle.unit-test";
		};
		AA844DF72E251AA600A8E99B /* HearthstoneToolUITests */ = {
			isa = PBXNativeTarget;
			buildConfigurationList = AA844E082E251AA600A8E99B /* Build configuration list for PBXNativeTarget "HearthstoneToolUITests" */;
			buildPhases = (
				AA844DF42E251AA600A8E99B /* Sources */,
				AA844DF52E251AA600A8E99B /* Frameworks */,
				AA844DF62E251AA600A8E99B /* Resources */,
			);
			buildRules = (
			);
			dependencies = (
				AA844DFA2E251AA600A8E99B /* PBXTargetDependency */,
			);
			fileSystemSynchronizedGroups = (
				AA844DFB2E251AA600A8E99B /* HearthstoneToolUITests */,
			);
			name = HearthstoneToolUITests;
			packageProductDependencies = (
			);
			productName = HearthstoneToolUITests;
			productReference = AA844DF82E251AA600A8E99B /* HearthstoneToolUITests.xctest */;
			productType = "com.apple.product-type.bundle.ui-testing";
		};
/* End PBXNativeTarget section */

/* Begin PBXProject section */
		AA844DD52E251AA600A8E99B /* Project object */ = {
			isa = PBXProject;
			attributes = {
				BuildIndependentTargetsInParallel = 1;
				LastSwiftUpdateCheck = 1620;
				LastUpgradeCheck = 1620;
				TargetAttributes = {
					AA844DDC2E251AA600A8E99B = {
						CreatedOnToolsVersion = 16.2;
					};
					AA844DED2E251AA600A8E99B = {
						CreatedOnToolsVersion = 16.2;
						TestTargetID = AA844DDC2E251AA600A8E99B;
					};
					AA844DF72E251AA600A8E99B = {
						CreatedOnToolsVersion = 16.2;
						TestTargetID = AA844DDC2E251AA600A8E99B;
					};
				};
			};
			buildConfigurationList = AA844DD82E251AA600A8E99B /* Build configuration list for PBXProject "HearthstoneTool" */;
			developmentRegion = en;
			hasScannedForEncodings = 0;
			knownRegions = (
				en,
				Base,
			);
			mainGroup = AA844DD42E251AA600A8E99B;
			minimizedProjectReferenceProxies = 1;
			preferredProjectObjectVersion = 77;
			productRefGroup = AA844DDE2E251AA600A8E99B /* Products */;
			projectDirPath = "";
			projectRoot = "";
			targets = (
				AA844DDC2E251AA600A8E99B /* HearthstoneTool */,
				AA844DED2E251AA600A8E99B /* HearthstoneToolTests */,
				AA844DF72E251AA600A8E99B /* HearthstoneToolUITests */,
			);
		};
/* End PBXProject section */

/* Begin PBXResourcesBuildPhase section */
		AA844DDB2E251AA600A8E99B /* Resources */ = {
			isa = PBXResourcesBuildPhase;
			buildActionMask = 2147483647;
			files = (
			);
			runOnlyForDeploymentPostprocessing = 0;
		};
		AA844DEC2E251AA600A8E99B /* Resources */ = {
			isa = PBXResourcesBuildPhase;
			buildActionMask = 2147483647;
			files = (
			);
			runOnlyForDeploymentPostprocessing = 0;
		};
		AA844DF62E251AA600A8E99B /* Resources */ = {
			isa = PBXResourcesBuildPhase;
			buildActionMask = 2147483647;
			files = (
			);
			runOnlyForDeploymentPostprocessing = 0;
		};
/* End PBXResourcesBuildPhase section */

/* Begin PBXSourcesBuildPhase section */
		AA844DD92E251AA600A8E99B /* Sources */ = {
			isa = PBXSourcesBuildPhase;
			buildActionMask = 2147483647;
			files = (
			);
			runOnlyForDeploymentPostprocessing = 0;
		};
		AA844DEA2E251AA600A8E99B /* Sources */ = {
			isa = PBXSourcesBuildPhase;
			buildActionMask = 2147483647;
			files = (
			);
			runOnlyForDeploymentPostprocessing = 0;
		};
		AA844DF42E251AA600A8E99B /* Sources */ = {
			isa = PBXSourcesBuildPhase;
			buildActionMask = 2147483647;
			files = (
			);
			runOnlyForDeploymentPostprocessing = 0;
		};
/* End PBXSourcesBuildPhase section */

/* Begin PBXTargetDependency section */
		AA844DF02E251AA600A8E99B /* PBXTargetDependency */ = {
			isa = PBXTargetDependency;
			target = AA844DDC2E251AA600A8E99B /* HearthstoneTool */;
			targetProxy = AA844DEF2E251AA600A8E99B /* PBXContainerItemProxy */;
		};
		AA844DFA2E251AA600A8E99B /* PBXTargetDependency */ = {
			isa = PBXTargetDependency;
			target = AA844DDC2E251AA600A8E99B /* HearthstoneTool */;
			targetProxy = AA844DF92E251AA600A8E99B /* PBXContainerItemProxy */;
		};
/* End PBXTargetDependency section */

/* Begin XCBuildConfiguration section */
		AA844E002E251AA600A8E99B /* Debug */ = {
			isa = XCBuildConfiguration;
			buildSettings = {
				ALWAYS_SEARCH_USER_PATHS = NO;
				ASSETCATALOG_COMPILER_GENERATE_SWIFT_ASSET_SYMBOL_EXTENSIONS = YES;
				CLANG_ANALYZER_NONNULL = YES;
				CLANG_ANALYZER_NUMBER_OBJECT_CONVERSION = YES_AGGRESSIVE;
				CLANG_CXX_LANGUAGE_STANDARD = "gnu++20";
				CLANG_ENABLE_MODULES = YES;
				CLANG_ENABLE_OBJC_ARC = YES;
				CLANG_ENABLE_OBJC_WEAK = YES;
				CLANG_WARN_BLOCK_CAPTURE_AUTORELEASING = YES;
				CLANG_WARN_BOOL_CONVERSION = YES;
				CLANG_WARN_COMMA = YES;
				CLANG_WARN_CONSTANT_CONVERSION = YES;
				CLANG_WARN_DEPRECATED_OBJC_IMPLEMENTATIONS = YES;
				CLANG_WARN_DIRECT_OBJC_ISA_USAGE = YES_ERROR;
				CLANG_WARN_DOCUMENTATION_COMMENTS = YES;
				CLANG_WARN_EMPTY_BODY = YES;
				CLANG_WARN_ENUM_CONVERSION = YES;
				CLANG_WARN_INFINITE_RECURSION = YES;
				CLANG_WARN_INT_CONVERSION = YES;
				CLANG_WARN_NON_LITERAL_NULL_CONVERSION = YES;
				CLANG_WARN_OBJC_IMPLICIT_RETAIN_SELF = YES;
				CLANG_WARN_OBJC_LITERAL_CONVERSION = YES;
				CLANG_WARN_OBJC_ROOT_CLASS = YES_ERROR;
				CLANG_WARN_QUOTED_INCLUDE_IN_FRAMEWORK_HEADER = YES;
				CLANG_WARN_RANGE_LOOP_ANALYSIS = YES;
				CLANG_WARN_STRICT_PROTOTYPES = YES;
				CLANG_WARN_SUSPICIOUS_MOVE = YES;
				CLANG_WARN_UNGUARDED_AVAILABILITY = YES_AGGRESSIVE;
				CLANG_WARN_UNREACHABLE_CODE = YES;
				CLANG_WARN__DUPLICATE_METHOD_MATCH = YES;
				COPY_PHASE_STRIP = NO;
				DEBUG_INFORMATION_FORMAT = dwarf;
				ENABLE_STRICT_OBJC_MSGSEND = YES;
				ENABLE_TESTABILITY = YES;
				ENABLE_USER_SCRIPT_SANDBOXING = YES;
				GCC_C_LANGUAGE_STANDARD = gnu17;
				GCC_DYNAMIC_NO_PIC = NO;
				GCC_NO_COMMON_BLOCKS = YES;
				GCC_OPTIMIZATION_LEVEL = 0;
				GCC_PREPROCESSOR_DEFINITIONS = (
					"DEBUG=1",
					"$(inherited)",
				);
				GCC_WARN_64_TO_32_BIT_CONVERSION = YES;
				GCC_WARN_ABOUT_RETURN_TYPE = YES_ERROR;
				GCC_WARN_UNDECLARED_SELECTOR = YES;
				GCC_WARN_UNINITIALIZED_AUTOS = YES_AGGRESSIVE;
				GCC_WARN_UNUSED_FUNCTION = YES;
				GCC_WARN_UNUSED_VARIABLE = YES;
				LOCALIZATION_PREFERS_STRING_CATALOGS = YES;
				MACOSX_DEPLOYMENT_TARGET = 15.1;
				MTL_ENABLE_DEBUG_INFO = INCLUDE_SOURCE;
				MTL_FAST_MATH = YES;
				ONLY_ACTIVE_ARCH = YES;
				SDKROOT = macosx;
				SWIFT_ACTIVE_COMPILATION_CONDITIONS = "DEBUG $(inherited)";
				SWIFT_OPTIMIZATION_LEVEL = "-Onone";
			};
			name = Debug;
		};
		AA844E012E251AA600A8E99B /* Release */ = {
			isa = XCBuildConfiguration;
			buildSettings = {
				ALWAYS_SEARCH_USER_PATHS = NO;
				ASSETCATALOG_COMPILER_GENERATE_SWIFT_ASSET_SYMBOL_EXTENSIONS = YES;
				CLANG_ANALYZER_NONNULL = YES;
				CLANG_ANALYZER_NUMBER_OBJECT_CONVERSION = YES_AGGRESSIVE;
				CLANG_CXX_LANGUAGE_STANDARD = "gnu++20";
				CLANG_ENABLE_MODULES = YES;
				CLANG_ENABLE_OBJC_ARC = YES;
				CLANG_ENABLE_OBJC_WEAK = YES;
				CLANG_WARN_BLOCK_CAPTURE_AUTORELEASING = YES;
				CLANG_WARN_BOOL_CONVERSION = YES;
				CLANG_WARN_COMMA = YES;
				CLANG_WARN_CONSTANT_CONVERSION = YES;
				CLANG_WARN_DEPRECATED_OBJC_IMPLEMENTATIONS = YES;
				CLANG_WARN_DIRECT_OBJC_ISA_USAGE = YES_ERROR;
				CLANG_WARN_DOCUMENTATION_COMMENTS = YES;
				CLANG_WARN_EMPTY_BODY = YES;
				CLANG_WARN_ENUM_CONVERSION = YES;
				CLANG_WARN_INFINITE_RECURSION = YES;
				CLANG_WARN_INT_CONVERSION = YES;
				CLANG_WARN_NON_LITERAL_NULL_CONVERSION = YES;
				CLANG_WARN_OBJC_IMPLICIT_RETAIN_SELF = YES;
				CLANG_WARN_OBJC_LITERAL_CONVERSION = YES;
				CLANG_WARN_OBJC_ROOT_CLASS = YES_ERROR;
				CLANG_WARN_QUOTED_INCLUDE_IN_FRAMEWORK_HEADER = YES;
				CLANG_WARN_RANGE_LOOP_ANALYSIS = YES;
				CLANG_WARN_STRICT_PROTOTYPES = YES;
				CLANG_WARN_SUSPICIOUS_MOVE = YES;
				CLANG_WARN_UNGUARDED_AVAILABILITY = YES_AGGRESSIVE;
				CLANG_WARN_UNREACHABLE_CODE = YES;
				CLANG_WARN__DUPLICATE_METHOD_MATCH = YES;
				COPY_PHASE_STRIP = NO;
				DEBUG_INFORMATION_FORMAT = "dwarf-with-dsym";
				ENABLE_NS_ASSERTIONS = NO;
				ENABLE_STRICT_OBJC_MSGSEND = YES;
				ENABLE_USER_SCRIPT_SANDBOXING = YES;
				GCC_C_LANGUAGE_STANDARD = gnu17;
				GCC_NO_COMMON_BLOCKS = YES;
				GCC_WARN_64_TO_32_BIT_CONVERSION = YES;
				GCC_WARN_ABOUT_RETURN_TYPE = YES_ERROR;
				GCC_WARN_UNDECLARED_SELECTOR = YES;
				GCC_WARN_UNINITIALIZED_AUTOS = YES_AGGRESSIVE;
				GCC_WARN_UNUSED_FUNCTION = YES;
				GCC_WARN_UNUSED_VARIABLE = YES;
				LOCALIZATION_PREFERS_STRING_CATALOGS = YES;
				MACOSX_DEPLOYMENT_TARGET = 15.1;
				MTL_ENABLE_DEBUG_INFO = NO;
				MTL_FAST_MATH = YES;
				SDKROOT = macosx;
				SWIFT_COMPILATION_MODE = wholemodule;
			};
			name = Release;
		};
		AA844E032E251AA600A8E99B /* Debug */ = {
			isa = XCBuildConfiguration;
			buildSettings = {
				ASSETCATALOG_COMPILER_APPICON_NAME = AppIcon;
				ASSETCATALOG_COMPILER_GLOBAL_ACCENT_COLOR_NAME = AccentColor;
				CODE_SIGN_ENTITLEMENTS = HearthstoneTool/HearthstoneTool.entitlements;
				CODE_SIGN_STYLE = Automatic;
				COMBINE_HIDPI_IMAGES = YES;
				CURRENT_PROJECT_VERSION = 1;
				DEVELOPMENT_ASSET_PATHS = "\"HearthstoneTool/Preview Content\"";
				ENABLE_PREVIEWS = YES;
				GENERATE_INFOPLIST_FILE = YES;
				INFOPLIST_KEY_NSHumanReadableCopyright = "";
				LD_RUNPATH_SEARCH_PATHS = (
					"$(inherited)",
					"@executable_path/../Frameworks",
				);
				MARKETING_VERSION = 1.0;
				PRODUCT_BUNDLE_IDENTIFIER = com.HearthstoneTool.HearthstoneTool;
				PRODUCT_NAME = "$(TARGET_NAME)";
				SWIFT_EMIT_LOC_STRINGS = YES;
				SWIFT_VERSION = 5.0;
			};
			name = Debug;
		};
		AA844E042E251AA600A8E99B /* Release */ = {
			isa = XCBuildConfiguration;
			buildSettings = {
				ASSETCATALOG_COMPILER_APPICON_NAME = AppIcon;
				ASSETCATALOG_COMPILER_GLOBAL_ACCENT_COLOR_NAME = AccentColor;
				CODE_SIGN_ENTITLEMENTS = HearthstoneTool/HearthstoneTool.entitlements;
				CODE_SIGN_STYLE = Automatic;
				COMBINE_HIDPI_IMAGES = YES;
				CURRENT_PROJECT_VERSION = 1;
				DEVELOPMENT_ASSET_PATHS = "\"HearthstoneTool/Preview Content\"";
				ENABLE_PREVIEWS = YES;
				GENERATE_INFOPLIST_FILE = YES;
				INFOPLIST_KEY_NSHumanReadableCopyright = "";
				LD_RUNPATH_SEARCH_PATHS = (
					"$(inherited)",
					"@executable_path/../Frameworks",
				);
				MARKETING_VERSION = 1.0;
				PRODUCT_BUNDLE_IDENTIFIER = com.HearthstoneTool.HearthstoneTool;
				PRODUCT_NAME = "$(TARGET_NAME)";
				SWIFT_EMIT_LOC_STRINGS = YES;
				SWIFT_VERSION = 5.0;
			};
			name = Release;
		};
		AA844E062E251AA600A8E99B /* Debug */ = {
			isa = XCBuildConfiguration;
			buildSettings = {
				BUNDLE_LOADER = "$(TEST_HOST)";
				CODE_SIGN_STYLE = Automatic;
				CURRENT_PROJECT_VERSION = 1;
				GENERATE_INFOPLIST_FILE = YES;
				MACOSX_DEPLOYMENT_TARGET = 15.1;
				MARKETING_VERSION = 1.0;
				PRODUCT_BUNDLE_IDENTIFIER = com.HearthstoneTool.HearthstoneToolTests;
				PRODUCT_NAME = "$(TARGET_NAME)";
				SWIFT_EMIT_LOC_STRINGS = NO;
				SWIFT_VERSION = 5.0;
				TEST_HOST = "$(BUILT_PRODUCTS_DIR)/HearthstoneTool.app/$(BUNDLE_EXECUTABLE_FOLDER_PATH)/HearthstoneTool";
			};
			name = Debug;
		};
		AA844E072E251AA600A8E99B /* Release */ = {
			isa = XCBuildConfiguration;
			buildSettings = {
				BUNDLE_LOADER = "$(TEST_HOST)";
				CODE_SIGN_STYLE = Automatic;
				CURRENT_PROJECT_VERSION = 1;
				GENERATE_INFOPLIST_FILE = YES;
				MACOSX_DEPLOYMENT_TARGET = 15.1;
				MARKETING_VERSION = 1.0;
				PRODUCT_BUNDLE_IDENTIFIER = com.HearthstoneTool.HearthstoneToolTests;
				PRODUCT_NAME = "$(TARGET_NAME)";
				SWIFT_EMIT_LOC_STRINGS = NO;
				SWIFT_VERSION = 5.0;
				TEST_HOST = "$(BUILT_PRODUCTS_DIR)/HearthstoneTool.app/$(BUNDLE_EXECUTABLE_FOLDER_PATH)/HearthstoneTool";
			};
			name = Release;
		};
		AA844E092E251AA600A8E99B /* Debug */ = {
			isa = XCBuildConfiguration;
			buildSettings = {
				CODE_SIGN_STYLE = Automatic;
				CURRENT_PROJECT_VERSION = 1;
				GENERATE_INFOPLIST_FILE = YES;
				MARKETING_VERSION = 1.0;
				PRODUCT_BUNDLE_IDENTIFIER = com.HearthstoneTool.HearthstoneToolUITests;
				PRODUCT_NAME = "$(TARGET_NAME)";
				SWIFT_EMIT_LOC_STRINGS = NO;
				SWIFT_VERSION = 5.0;
				TEST_TARGET_NAME = HearthstoneTool;
			};
			name = Debug;
		};
		AA844E0A2E251AA600A8E99B /* Release */ = {
			isa = XCBuildConfiguration;
			buildSettings = {
				CODE_SIGN_STYLE = Automatic;
				CURRENT_PROJECT_VERSION = 1;
				GENERATE_INFOPLIST_FILE = YES;
				MARKETING_VERSION = 1.0;
				PRODUCT_BUNDLE_IDENTIFIER = com.HearthstoneTool.HearthstoneToolUITests;
				PRODUCT_NAME = "$(TARGET_NAME)";
				SWIFT_EMIT_LOC_STRINGS = NO;
				SWIFT_VERSION = 5.0;
				TEST_TARGET_NAME = HearthstoneTool;
			};
			name = Release;
		};
/* End XCBuildConfiguration section */

/* Begin XCConfigurationList section */
		AA844DD82E251AA600A8E99B /* Build configuration list for PBXProject "HearthstoneTool" */ = {
			isa = XCConfigurationList;
			buildConfigurations = (
				AA844E002E251AA600A8E99B /* Debug */,
				AA844E012E251AA600A8E99B /* Release */,
			);
			defaultConfigurationIsVisible = 0;
			defaultConfigurationName = Release;
		};
		AA844E022E251AA600A8E99B /* Build configuration list for PBXNativeTarget "HearthstoneTool" */ = {
			isa = XCConfigurationList;
			buildConfigurations = (
				AA844E032E251AA600A8E99B /* Debug */,
				AA844E042E251AA600A8E99B /* Release */,
			);
			defaultConfigurationIsVisible = 0;
			defaultConfigurationName = Release;
		};
		AA844E052E251AA600A8E99B /* Build configuration list for PBXNativeTarget "HearthstoneToolTests" */ = {
			isa = XCConfigurationList;
			buildConfigurations = (
				AA844E062E251AA600A8E99B /* Debug */,
				AA844E072E251AA600A8E99B /* Release */,
			);
			defaultConfigurationIsVisible = 0;
			defaultConfigurationName = Release;
		};
		AA844E082E251AA600A8E99B /* Build configuration list for PBXNativeTarget "HearthstoneToolUITests" */ = {
			isa = XCConfigurationList;
			buildConfigurations = (
				AA844E092E251AA600A8E99B /* Debug */,
				AA844E0A2E251AA600A8E99B /* Release */,
			);
			defaultConfigurationIsVisible = 0;
			defaultConfigurationName = Release;
		};
/* End XCConfigurationList section */
	};
	rootObject = AA844DD52E251AA600A8E99B /* Project object */;
}
